<?xml version="1.0" encoding="utf-8"?>
<Project ToolsVersion="4.0" xmlns="http://schemas.microsoft.com/developer/msbuild/2003">
  <ItemGroup>
    <Filter Include="源文件">
      <UniqueIdentifier>{4FC737F1-C7A5-4376-A066-2A32D752A2FF}</UniqueIdentifier>
      <Extensions>cpp;c;cc;cxx;def;odl;idl;hpj;bat;asm;asmx</Extensions>
    </Filter>
    <Filter Include="头文件">
      <UniqueIdentifier>{93995380-89BD-4b04-88EB-625FBE52EBFB}</UniqueIdentifier>
      <Extensions>h;hh;hpp;hxx;hm;inl;inc;xsd</Extensions>
    </Filter>
    <Filter Include="资源文件">
      <UniqueIdentifier>{67DA6AB6-F800-4c08-8B7A-83BB121AAD01}</UniqueIdentifier>
      <Extensions>rc;ico;cur;bmp;dlg;rc2;rct;bin;rgs;gif;jpg;jpeg;jpe;resx;tiff;tif;png;wav;mfcribbon-ms</Extensions>
    </Filter>
    <Filter Include="测试">
      <UniqueIdentifier>{3e2f6624-06fc-491d-a99c-aa57c721646c}</UniqueIdentifier>
    </Filter>
  </ItemGroup>
  <ItemGroup>
    <ClInclude Include="UnitTest\catch.hpp">
      <Filter>测试</Filter>
    </ClInclude>
    <ClInclude Include="Src\Algo.h">
      <Filter>头文件</Filter>
    </ClInclude>
    <ClInclude Include="Src\AlgoBase.h">
      <Filter>头文件</Filter>
    </ClInclude>
    <ClInclude Include="Src\Algorithm.h">
      <Filter>头文件</Filter>
    </ClInclude>
    <ClInclude Include="Src\Alloc.h">
      <Filter>头文件</Filter>
    </ClInclude>
    <ClInclude Include="Src\Allocator.h">
      <Filter>头文件</Filter>
    </ClInclude>
    <ClInclude Include="Src\Construct.h">
      <Filter>头文件</Filter>
    </ClInclude>
    <ClInclude Include="Src\Array.h">
      <Filter>头文件</Filter>
    </ClInclude>
    <ClInclude Include="Src\Heap.h">
      <Filter>头文件</Filter>
    </ClInclude>
    <ClInclude Include="Src\Iterator.h">
      <Filter>头文件</Filter>
    </ClInclude>
    <ClInclude Include="Src\Deque.h">
      <Filter>头文件</Filter>
    </ClInclude>
    <ClInclude Include="Src\Functional.h">
      <Filter>头文件</Filter>
    </ClInclude>
    <ClInclude Include="Src\List.h">
      <Filter>头文件</Filter>
    </ClInclude>
    <ClInclude Include="Src\Pair.h">
      <Filter>头文件</Filter>
    </ClInclude>
    <ClInclude Include="Src\Move.h">
      <Filter>头文件</Filter>
    </ClInclude>
    <ClInclude Include="Src\Queue.h">
      <Filter>头文件</Filter>
    </ClInclude>
    <ClInclude Include="Src\ReverseIterator.h">
      <Filter>头文件</Filter>
    </ClInclude>
    <ClInclude Include="Src\String.h">
      <Filter>头文件</Filter>
    </ClInclude>
    <ClInclude Include="Src\Stack.h">
      <Filter>头文件</Filter>
    </ClInclude>
    <ClInclude Include="Src\Tree.h">
      <Filter>头文件</Filter>
    </ClInclude>
    <ClInclude Include="Src\TypeTraits.h">
      <Filter>头文件</Filter>
    </ClInclude>
    <ClInclude Include="Src\Uninitialized.h">
      <Filter>头文件</Filter>
    </ClInclude>
    <ClInclude Include="Src\Utility.h">
      <Filter>头文件</Filter>
    </ClInclude>
    <ClInclude Include="Src\Vector.h">
      <Filter>头文件</Filter>
    </ClInclude>
    <ClInclude Include="Src\Set.h">
      <Filter>头文件</Filter>
    </ClInclude>
  </ItemGroup>
  <ItemGroup>
    <ClCompile Include="UnitTest\TestSTL.cpp">
      <Filter>测试</Filter>
    </ClCompile>
    <ClCompile Include="UnitTest\TestVector.cpp">
      <Filter>测试</Filter>
    </ClCompile>
    <ClCompile Include="UnitTest\TestString.cpp">
      <Filter>测试</Filter>
    </ClCompile>
    <ClCompile Include="UnitTest\TestUtility.cpp">
      <Filter>测试</Filter>
    </ClCompile>
    <ClCompile Include="UnitTest\TestTypeTraits.cpp">
      <Filter>测试</Filter>
    </ClCompile>
    <ClCompile Include="UnitTest\TestArray.cpp">
      <Filter>源文件</Filter>
    </ClCompile>
    <ClCompile Include="UnitTest\TestList.cpp">
      <Filter>源文件</Filter>
    </ClCompile>
    <ClCompile Include="Src\Alloc.cpp">
      <Filter>源文件</Filter>
    </ClCompile>
    <ClCompile Include="UnitTest\TestTree.cpp">
      <Filter>源文件</Filter>
    </ClCompile>
    <ClCompile Include="UnitTest\TestSet.cpp">
      <Filter>源文件</Filter>
    </ClCompile>
    <ClCompile Include="Src\Tree.cpp">
      <Filter>源文件</Filter>
    </ClCompile>
  </ItemGroup>
</Project>